{
  "pins" : [
    {
      "identity" : "adyen-3ds2-ios",
      "kind" : "remoteSourceControl",
      "location" : "https://github.com/Adyen/adyen-3ds2-ios",
      "state" : {
        "revision" : "5dc03bf6133b6bc1cbde7800d4b980082e5241f9",
        "version" : "2.2.4"
      }
    },
    {
      "identity" : "adyen-ios",
      "kind" : "remoteSourceControl",
      "location" : "https://github.com/Adyen/adyen-ios",
      "state" : {
        "revision" : "98f7edc8df2dbb5b0f2e9042037593e36bcdae11",
        "version" : "4.7.1"
      }
    },
    {
      "identity" : "adyen-networking-ios",
      "kind" : "remoteSourceControl",
      "location" : "https://github.com/Adyen/adyen-networking-ios",
      "state" : {
        "revision" : "9b10df842e774f5c99a2d76b1d950ec4d5d80898",
        "version" : "1.0.0"
      }
    },
    {
      "identity" : "adyen-wechatpay-ios",
      "kind" : "remoteSourceControl",
      "location" : "https://github.com/Adyen/adyen-wechatpay-ios",
      "state" : {
        "revision" : "aee9b422f02d3ff75533a3338db45f2f9b9010b0",
        "version" : "2.1.0"
      }
    },
    {
      "identity" : "braintree-ios-drop-in",
      "kind" : "remoteSourceControl",
      "location" : "https://github.com/braintree/braintree-ios-drop-in",
      "state" : {
        "revision" : "cf6eead6b1751ff517d6100fa0c4d5c0a3628244",
        "version" : "9.3.0"
      }
    },
    {
      "identity" : "braintree_ios",
      "kind" : "remoteSourceControl",
      "location" : "https://github.com/braintree/braintree_ios",
      "state" : {
        "revision" : "152fbf1f6d4b883604fbe27a8a04e66ca5d37b04",
        "version" : "5.6.3"
      }
    },
    {
      "identity" : "cwlcatchexception",
      "kind" : "remoteSourceControl",
      "location" : "https://github.com/mattgallagher/CwlCatchException.git",
      "state" : {
        "revision" : "35f9e770f54ce62dd8526470f14c6e137cef3eea",
        "version" : "2.1.1"
      }
    },
    {
      "identity" : "cwlpreconditiontesting",
      "kind" : "remoteSourceControl",
      "location" : "https://github.com/mattgallagher/CwlPreconditionTesting.git",
      "state" : {
        "revision" : "c21f7bab5ca8eee0a9998bbd17ca1d0eb45d4688",
        "version" : "2.1.0"
      }
    },
    {
      "identity" : "karhoo-ios-sdk",
      "kind" : "remoteSourceControl",
      "location" : "https://github.com/karhoo/karhoo-ios-sdk",
      "state" : {
        "revision" : "497b395bb11fd3975021fb5ca44b6cffe0e1ae22",
        "version" : "1.7.1"
      }
    },
    {
      "identity" : "keychain-swift",
      "kind" : "remoteSourceControl",
      "location" : "https://github.com/evgenyneu/keychain-swift",
      "state" : {
        "revision" : "96fb84f45a96630e7583903bd7e08cf095c7a7ef",
        "version" : "19.0.0"
      }
    },
    {
      "identity" : "nimble",
      "kind" : "remoteSourceControl",
      "location" : "https://github.com/Quick/Nimble",
      "state" : {
        "revision" : "1f3bde57bde12f5e7b07909848c071e9b73d6edc",
        "version" : "10.0.0"
      }
    },
    {
      "identity" : "phonenumberkit",
      "kind" : "remoteSourceControl",
      "location" : "https://github.com/marmelroy/PhoneNumberKit",
      "state" : {
        "revision" : "c7d7b0c91ef0ad7e413022edfcf5d6f75561e2d5",
        "version" : "3.3.1"
      }
    },
    {
      "identity" : "quick",
      "kind" : "remoteSourceControl",
      "location" : "https://github.com/Quick/Quick",
      "state" : {
        "revision" : "f9d519828bb03dfc8125467d8f7b93131951124c",
        "version" : "5.0.1"
      }
    },
    {
      "identity" : "reachability.swift",
      "kind" : "remoteSourceControl",
      "location" : "https://github.com/ashleymills/Reachability.swift",
      "state" : {
        "revision" : "c01bbdf2d633cf049ae1ed1a68a2020a8bda32e2",
        "version" : "5.1.0"
      }
    },
    {
      "identity" : "swift-snapshot-testing",
      "kind" : "remoteSourceControl",
      "location" : "https://github.com/pointfreeco/swift-snapshot-testing",
      "state" : {
        "revision" : "f8a9c997c3c1dab4e216a8ec9014e23144cbab37",
        "version" : "1.9.0"
      }
    }
  ],
  "version" : 2
}
