PODS:
  - Braintree/Card (4.35.0):
    - Braintree/Core
  - Braintree/Core (4.35.0)
  - Braintree/PaymentFlow (4.35.0):
    - Braintree/Card
    - Braintree/Core
    - Braintree/PayPalOneTouch
  - Braintree/PayPal (4.35.0):
    - Braintree/Core
    - Braintree/PayPalOneTouch
  - Braintree/PayPalDataCollector (4.35.0):
    - Braintree/Core
    - Braintree/PayPalUtils
  - Braintree/PayPalOneTouch (4.35.0):
    - Braintree/Core
    - Braintree/PayPalDataCollector
    - Braintree/PayPalUtils
  - Braintree/PayPalUtils (4.35.0)
  - Braintree/UnionPay (4.35.0):
    - Braintree/Card
    - Braintree/Core
  - BraintreeDropIn (8.1.1):
    - BraintreeDropIn/DropIn (= 8.1.1)
  - BraintreeDropIn/DropIn (8.1.1):
    - Braintree/Card (~> 4.32)
    - Braintree/Core (~> 4.32)
    - Braintree/PaymentFlow (~> 4.32)
    - Braintree/PayPal (~> 4.32)
    - Braintree/UnionPay (~> 4.32)
    - BraintreeDropIn/UIKit
  - BraintreeDropIn/UIKit (8.1.1)
  - FloatingPanel (1.7.5)
  - KarhooSDK (1.1.1):
    - KeychainSwift (= 12.0.0)
    - ReachabilitySwift (= 5.0.0)
  - KarhooUISDK (1.2.5):
    - Braintree/PaymentFlow
    - BraintreeDropIn
    - FloatingPanel
    - KarhooSDK
    - PhoneNumberKit
  - KeychainSwift (12.0.0)
  - PhoneNumberKit (2.1.0):
    - PhoneNumberKit/PhoneNumberKitCore (= 2.1.0)
    - PhoneNumberKit/UIKit (= 2.1.0)
  - PhoneNumberKit/PhoneNumberKitCore (2.1.0)
  - PhoneNumberKit/UIKit (2.1.0):
    - PhoneNumberKit/PhoneNumberKitCore
  - ReachabilitySwift (5.0.0)
  - SwiftLint (0.40.1)

DEPENDENCIES:
  - Braintree/PaymentFlow
  - BraintreeDropIn
  - FloatingPanel
  - "KarhooSDK (from `git@github.com:karhoo/karhoo-ios-sdk.git`, branch `develop`)"
  - KarhooUISDK (from `./`)
  - PhoneNumberKit (= 2.1.0)
  - SwiftLint

SPEC REPOS:
  https://github.com/CocoaPods/Specs.git:
    - Braintree
    - BraintreeDropIn
    - FloatingPanel
    - KeychainSwift
    - PhoneNumberKit
    - ReachabilitySwift
    - SwiftLint

EXTERNAL SOURCES:
  KarhooSDK:
    :branch: develop
    :git: "git@github.com:karhoo/karhoo-ios-sdk.git"
  KarhooUISDK:
    :path: "./"

CHECKOUT OPTIONS:
  KarhooSDK:
    :commit: 37e6d66200819d754c6d502e4e473520ccf14c34
    :git: "git@github.com:karhoo/karhoo-ios-sdk.git"

SPEC CHECKSUMS:
  Braintree: 7ff6755ba50506e403dc03779ae68c5ccf6b9808
  BraintreeDropIn: 2cf07a9041df45ff671586042dbaf7b5d2767347
  FloatingPanel: bb17fd6fc7ae519f877f7bd30f4f6115a78acf07
  KarhooSDK: 49b14317cf5851e70f99b05d1a4e85261452a8bb
  KarhooUISDK: 0c4b864fbd47b5f37944cc9d4691098d7b910fa4
  KeychainSwift: d5e776578587ee5958ce36601df22f168f65138a
  PhoneNumberKit: 62003f40ff75315fd3738286558bc365365ac222
  ReachabilitySwift: 985039c6f7b23a1da463388634119492ff86c825
  SwiftLint: bbfed21bf4451dcbd0f5cdbee44a18e06cf91b12

PODFILE CHECKSUM: fb108cf1124ccec43a0e9702326412c35ced71c0

COCOAPODS: 1.9.1
