PODS:
  - Adyen (3.6.0):
    - Adyen/Card (= 3.6.0)
    - Adyen/Core (= 3.6.0)
    - Adyen/DropIn (= 3.6.0)
  - Adyen/Card (3.6.0):
    - Adyen/Core
    - Adyen3DS2 (>= 2.1.0-rc.5)
  - Adyen/Core (3.6.0)
  - Adyen/DropIn (3.6.0):
    - Adyen/Card
    - Adyen/Core
  - Adyen3DS2 (2.2.1)
  - Braintree/Card (4.37.1):
    - Braintree/Core
  - Braintree/Core (4.37.1)
  - Braintree/PaymentFlow (4.37.1):
    - Braintree/Card
    - Braintree/Core
    - Braintree/PayPalOneTouch
  - Braintree/PayPal (4.37.1):
    - Braintree/Core
    - Braintree/PayPalOneTouch
  - Braintree/PayPalDataCollector (4.37.1):
    - Braintree/Core
    - Braintree/PayPalUtils
  - Braintree/PayPalOneTouch (4.37.1):
    - Braintree/Core
    - Braintree/PayPalDataCollector
    - Braintree/PayPalUtils
  - Braintree/PayPalUtils (4.37.1)
  - Braintree/UnionPay (4.37.1):
    - Braintree/Card
    - Braintree/Core
  - BraintreeDropIn (8.1.4):
    - BraintreeDropIn/DropIn (= 8.1.4)
  - BraintreeDropIn/DropIn (8.1.4):
    - Braintree/Card (~> 4.32)
    - Braintree/Core (~> 4.32)
    - Braintree/PaymentFlow (~> 4.32)
    - Braintree/PayPal (~> 4.32)
    - Braintree/UnionPay (~> 4.32)
    - BraintreeDropIn/UIKit
  - BraintreeDropIn/UIKit (8.1.4)
  - FloatingPanel (2.0.1)
  - KarhooSDK (1.5.0):
    - KeychainSwift (= 12.0.0)
    - ReachabilitySwift (= 5.0.0)
  - KarhooUISDK (1.5.1):
    - Adyen (= 3.6.0)
    - Braintree/PaymentFlow (~> 4.37)
    - BraintreeDropIn (~> 8.1)
    - FloatingPanel (= 2.0.1)
    - KarhooSDK
    - PhoneNumberKit (= 3.3.1)
  - KeychainSwift (12.0.0)
  - PhoneNumberKit (3.3.1):
    - PhoneNumberKit/PhoneNumberKitCore (= 3.3.1)
    - PhoneNumberKit/UIKit (= 3.3.1)
  - PhoneNumberKit/PhoneNumberKitCore (3.3.1)
  - PhoneNumberKit/UIKit (3.3.1):
    - PhoneNumberKit/PhoneNumberKitCore
  - ReachabilitySwift (5.0.0)
  - SwiftLint (0.43.1)

DEPENDENCIES:
  - Adyen (= 3.6.0)
  - Braintree/PaymentFlow (~> 4.37)
  - BraintreeDropIn (~> 8.1)
  - FloatingPanel (= 2.0.1)
  - KarhooSDK (= 1.5.0)
  - KarhooUISDK (from `./`)
  - PhoneNumberKit (= 3.3.1)
  - SwiftLint

SPEC REPOS:
  https://github.com/CocoaPods/Specs.git:
    - Adyen
    - Adyen3DS2
    - Braintree
    - BraintreeDropIn
    - FloatingPanel
    - KarhooSDK
    - KeychainSwift
    - PhoneNumberKit
    - ReachabilitySwift
    - SwiftLint

EXTERNAL SOURCES:
  KarhooUISDK:
    :path: "./"

SPEC CHECKSUMS:
  Adyen: f2978d24fcfdb992d43c50de87a045bc6b26afa9
  Adyen3DS2: d99e5dea8524fc860751804dd760f6bad032de01
  Braintree: 94a20907b70aeffb29c40380eec583d783a347b6
  BraintreeDropIn: 073ef11637285efc5572b412079a34942c849ef9
  FloatingPanel: 579a5ac0154f923a9d7302c4f13dbc0268511c92
  KarhooSDK: da935abbbd4e6742ec7dabb97364fbb2ffc5ffaf
  KarhooUISDK: cd8f08876687db7438029e231e63f679909e3d33
  KeychainSwift: d5e776578587ee5958ce36601df22f168f65138a
  PhoneNumberKit: ff153d5e299f6da566cb73c6aa71e354933b2932
  ReachabilitySwift: 985039c6f7b23a1da463388634119492ff86c825
  SwiftLint: 99f82d07b837b942dd563c668de129a03fc3fb52

PODFILE CHECKSUM: 91b58892bfc8d4df8243f3d4aa832a2ca39d0dfa

COCOAPODS: 1.10.1
