{
  "pins" : [
    {
      "identity" : "adyen-3ds2-ios",
      "kind" : "remoteSourceControl",
      "location" : "https://github.com/Adyen/adyen-3ds2-ios",
      "state" : {
        "revision" : "d1f90b3ead21e90ae96a3227b97d1bdce1e255a1",
        "version" : "2.2.5"
      }
    },
    {
      "identity" : "adyen-ios",
      "kind" : "remoteSourceControl",
      "location" : "https://github.com/Adyen/adyen-ios",
      "state" : {
        "revision" : "d2e09f60ede7b18f3ea7630a3ad65b1d1b7a966d",
        "version" : "4.7.2"
      }
    },
    {
      "identity" : "adyen-networking-ios",
      "kind" : "remoteSourceControl",
      "location" : "https://github.com/Adyen/adyen-networking-ios",
      "state" : {
        "revision" : "9b10df842e774f5c99a2d76b1d950ec4d5d80898",
        "version" : "1.0.0"
      }
    },
    {
      "identity" : "adyen-wechatpay-ios",
      "kind" : "remoteSourceControl",
      "location" : "https://github.com/Adyen/adyen-wechatpay-ios",
      "state" : {
        "revision" : "aee9b422f02d3ff75533a3338db45f2f9b9010b0",
        "version" : "2.1.0"
      }
    },
    {
      "identity" : "braintree-ios-drop-in",
      "kind" : "remoteSourceControl",
      "location" : "https://github.com/braintree/braintree-ios-drop-in",
      "state" : {
        "revision" : "8ac42b0f8a09284ff4aeb0219812b2550193e324",
        "version" : "9.8.1"
      }
    },
    {
      "identity" : "braintree_ios",
      "kind" : "remoteSourceControl",
      "location" : "https://github.com/braintree/braintree_ios",
      "state" : {
        "revision" : "a086db9cffbfaf83d78d3063d9234d0e8fcf22ef",
        "version" : "5.20.1"
      }
    },
    {
      "identity" : "cwlcatchexception",
      "kind" : "remoteSourceControl",
      "location" : "https://github.com/mattgallagher/CwlCatchException.git",
      "state" : {
        "revision" : "35f9e770f54ce62dd8526470f14c6e137cef3eea",
        "version" : "2.1.1"
      }
    },
    {
      "identity" : "cwlpreconditiontesting",
      "kind" : "remoteSourceControl",
      "location" : "https://github.com/mattgallagher/CwlPreconditionTesting.git",
      "state" : {
        "revision" : "c21f7bab5ca8eee0a9998bbd17ca1d0eb45d4688",
        "version" : "2.1.0"
      }
    },
    {
      "identity" : "karhoo-ios-sdk",
      "kind" : "remoteSourceControl",
      "location" : "https://github.com/Karhoo/karhoo-ios-sdk.git",
      "state" : {
        "revision" : "7095135d7bca06792d745931c3bf1935567622dc",
        "version" : "1.7.2"
      }
    },
    {
      "identity" : "keychain-swift",
      "kind" : "remoteSourceControl",
      "location" : "https://github.com/evgenyneu/keychain-swift",
      "state" : {
        "revision" : "96fb84f45a96630e7583903bd7e08cf095c7a7ef",
        "version" : "19.0.0"
      }
    },
    {
      "identity" : "nimble",
      "kind" : "remoteSourceControl",
      "location" : "https://github.com/Quick/Nimble",
      "state" : {
        "revision" : "1f3bde57bde12f5e7b07909848c071e9b73d6edc",
        "version" : "10.0.0"
      }
    },
    {
      "identity" : "phonenumberkit",
      "kind" : "remoteSourceControl",
      "location" : "https://github.com/marmelroy/PhoneNumberKit",
      "state" : {
        "revision" : "c7d7b0c91ef0ad7e413022edfcf5d6f75561e2d5",
        "version" : "3.3.1"
      }
    },
    {
      "identity" : "quick",
      "kind" : "remoteSourceControl",
      "location" : "https://github.com/Quick/Quick",
      "state" : {
        "revision" : "f9d519828bb03dfc8125467d8f7b93131951124c",
        "version" : "5.0.1"
      }
    },
    {
      "identity" : "reachability.swift",
      "kind" : "remoteSourceControl",
      "location" : "https://github.com/ashleymills/Reachability.swift",
      "state" : {
        "revision" : "c01bbdf2d633cf049ae1ed1a68a2020a8bda32e2",
        "version" : "5.1.0"
      }
    },
    {
      "identity" : "swift-snapshot-testing",
      "kind" : "remoteSourceControl",
      "location" : "https://github.com/pointfreeco/swift-snapshot-testing",
      "state" : {
        "revision" : "cef5b3f6f11781dd4591bdd1dd0a3d22bd609334",
        "version" : "1.11.0"
      }
    }
  ],
  "version" : 2
}
