// !$*UTF8*$!
{
	archiveVersion = 1;
	classes = {
	};
	objectVersion = 55;
	objects = {

/* Begin PBXBuildFile section */
		5126821328379BE3001869C9 /* ClientSPMApp.swift in Sources */ = {isa = PBXBuildFile; fileRef = 5126821228379BE3001869C9 /* ClientSPMApp.swift */; };
		5126821528379BE3001869C9 /* ContentView.swift in Sources */ = {isa = PBXBuildFile; fileRef = 5126821428379BE3001869C9 /* ContentView.swift */; };
		5126821728379BE7001869C9 /* Assets.xcassets in Resources */ = {isa = PBXBuildFile; fileRef = 5126821628379BE7001869C9 /* Assets.xcassets */; };
		5126821A28379BE7001869C9 /* Preview Assets.xcassets in Resources */ = {isa = PBXBuildFile; fileRef = 5126821928379BE7001869C9 /* Preview Assets.xcassets */; };
		5126822428379BE7001869C9 /* ClientSPMTests.swift in Sources */ = {isa = PBXBuildFile; fileRef = 5126822328379BE7001869C9 /* ClientSPMTests.swift */; };
		7B7446482850BC86004595E2 /* Keys.swift in Sources */ = {isa = PBXBuildFile; fileRef = 7B7446472850BC86004595E2 /* Keys.swift */; };
		7B8A9D3C2850B711003A93DC /* MainViewController.swift in Sources */ = {isa = PBXBuildFile; fileRef = 7B8A9D3B2850B711003A93DC /* MainViewController.swift */; };
		7B8A9D3E2850B77E003A93DC /* ViewController.swift in Sources */ = {isa = PBXBuildFile; fileRef = 7B8A9D3D2850B77E003A93DC /* ViewController.swift */; };
		7B8A9D402850BB0C003A93DC /* KarhooUISDK in Frameworks */ = {isa = PBXBuildFile; productRef = 7B8A9D3F2850BB0C003A93DC /* KarhooUISDK */; };
		7B8A9D422850BB0C003A93DC /* KarhooUISDKAdyen in Frameworks */ = {isa = PBXBuildFile; productRef = 7B8A9D412850BB0C003A93DC /* KarhooUISDKAdyen */; };
		7B8A9D442850BB0C003A93DC /* KarhooUISDKBraintree in Frameworks */ = {isa = PBXBuildFile; productRef = 7B8A9D432850BB0C003A93DC /* KarhooUISDKBraintree */; };
/* End PBXBuildFile section */

/* Begin PBXContainerItemProxy section */
		5126822028379BE7001869C9 /* PBXContainerItemProxy */ = {
			isa = PBXContainerItemProxy;
			containerPortal = 5126820728379BE3001869C9 /* Project object */;
			proxyType = 1;
			remoteGlobalIDString = 5126820E28379BE3001869C9;
			remoteInfo = ClientSPM;
		};
/* End PBXContainerItemProxy section */

/* Begin PBXFileReference section */
		5126820F28379BE3001869C9 /* ClientSPM.app */ = {isa = PBXFileReference; explicitFileType = wrapper.application; includeInIndex = 0; path = ClientSPM.app; sourceTree = BUILT_PRODUCTS_DIR; };
		5126821228379BE3001869C9 /* ClientSPMApp.swift */ = {isa = PBXFileReference; lastKnownFileType = sourcecode.swift; path = ClientSPMApp.swift; sourceTree = "<group>"; };
		5126821428379BE3001869C9 /* ContentView.swift */ = {isa = PBXFileReference; lastKnownFileType = sourcecode.swift; path = ContentView.swift; sourceTree = "<group>"; };
		5126821628379BE7001869C9 /* Assets.xcassets */ = {isa = PBXFileReference; lastKnownFileType = folder.assetcatalog; path = Assets.xcassets; sourceTree = "<group>"; };
		5126821928379BE7001869C9 /* Preview Assets.xcassets */ = {isa = PBXFileReference; lastKnownFileType = folder.assetcatalog; path = "Preview Assets.xcassets"; sourceTree = "<group>"; };
		5126821F28379BE7001869C9 /* ClientSPMTests.xctest */ = {isa = PBXFileReference; explicitFileType = wrapper.cfbundle; includeInIndex = 0; path = ClientSPMTests.xctest; sourceTree = BUILT_PRODUCTS_DIR; };
		5126822328379BE7001869C9 /* ClientSPMTests.swift */ = {isa = PBXFileReference; lastKnownFileType = sourcecode.swift; path = ClientSPMTests.swift; sourceTree = "<group>"; };
		5126823D28379C71001869C9 /* karhoo-ios-ui-sdk */ = {isa = PBXFileReference; lastKnownFileType = wrapper; name = "karhoo-ios-ui-sdk"; path = ..; sourceTree = "<group>"; };
		7B7446472850BC86004595E2 /* Keys.swift */ = {isa = PBXFileReference; lastKnownFileType = sourcecode.swift; name = Keys.swift; path = ../../Client/Keys.swift; sourceTree = "<group>"; };
		7B8A9D3B2850B711003A93DC /* MainViewController.swift */ = {isa = PBXFileReference; lastKnownFileType = sourcecode.swift; path = MainViewController.swift; sourceTree = "<group>"; };
		7B8A9D3D2850B77E003A93DC /* ViewController.swift */ = {isa = PBXFileReference; fileEncoding = 4; lastKnownFileType = sourcecode.swift; name = ViewController.swift; path = ../../Client/ViewController.swift; sourceTree = "<group>"; };
/* End PBXFileReference section */

/* Begin PBXFrameworksBuildPhase section */
		5126820C28379BE3001869C9 /* Frameworks */ = {
			isa = PBXFrameworksBuildPhase;
			buildActionMask = 2147483647;
			files = (
				7B8A9D402850BB0C003A93DC /* KarhooUISDK in Frameworks */,
				7B8A9D422850BB0C003A93DC /* KarhooUISDKAdyen in Frameworks */,
				7B8A9D442850BB0C003A93DC /* KarhooUISDKBraintree in Frameworks */,
			);
			runOnlyForDeploymentPostprocessing = 0;
		};
		5126821C28379BE7001869C9 /* Frameworks */ = {
			isa = PBXFrameworksBuildPhase;
			buildActionMask = 2147483647;
			files = (
			);
			runOnlyForDeploymentPostprocessing = 0;
		};
/* End PBXFrameworksBuildPhase section */

/* Begin PBXGroup section */
		5126820628379BE3001869C9 = {
			isa = PBXGroup;
			children = (
				5126823C28379C71001869C9 /* Packages */,
				5126821128379BE3001869C9 /* ClientSPM */,
				5126822228379BE7001869C9 /* ClientSPMTests */,
				5126821028379BE3001869C9 /* Products */,
				5126823E28379CEA001869C9 /* Frameworks */,
			);
			sourceTree = "<group>";
		};
		5126821028379BE3001869C9 /* Products */ = {
			isa = PBXGroup;
			children = (
				5126820F28379BE3001869C9 /* ClientSPM.app */,
				5126821F28379BE7001869C9 /* ClientSPMTests.xctest */,
			);
			name = Products;
			sourceTree = "<group>";
		};
		5126821128379BE3001869C9 /* ClientSPM */ = {
			isa = PBXGroup;
			children = (
				7B8A9D3D2850B77E003A93DC /* ViewController.swift */,
				5126821228379BE3001869C9 /* ClientSPMApp.swift */,
				5126821428379BE3001869C9 /* ContentView.swift */,
				7B8A9D3B2850B711003A93DC /* MainViewController.swift */,
				5126821628379BE7001869C9 /* Assets.xcassets */,
				5126821828379BE7001869C9 /* Preview Content */,
				7B7446472850BC86004595E2 /* Keys.swift */,
			);
			path = ClientSPM;
			sourceTree = "<group>";
		};
		5126821828379BE7001869C9 /* Preview Content */ = {
			isa = PBXGroup;
			children = (
				5126821928379BE7001869C9 /* Preview Assets.xcassets */,
			);
			path = "Preview Content";
			sourceTree = "<group>";
		};
		5126822228379BE7001869C9 /* ClientSPMTests */ = {
			isa = PBXGroup;
			children = (
				5126822328379BE7001869C9 /* ClientSPMTests.swift */,
			);
			path = ClientSPMTests;
			sourceTree = "<group>";
		};
		5126823C28379C71001869C9 /* Packages */ = {
			isa = PBXGroup;
			children = (
				5126823D28379C71001869C9 /* karhoo-ios-ui-sdk */,
			);
			name = Packages;
			sourceTree = "<group>";
		};
		5126823E28379CEA001869C9 /* Frameworks */ = {
			isa = PBXGroup;
			children = (
			);
			name = Frameworks;
			sourceTree = "<group>";
		};
/* End PBXGroup section */

/* Begin PBXNativeTarget section */
		5126820E28379BE3001869C9 /* ClientSPM */ = {
			isa = PBXNativeTarget;
			buildConfigurationList = 5126823328379BE7001869C9 /* Build configuration list for PBXNativeTarget "ClientSPM" */;
			buildPhases = (
				5126820B28379BE3001869C9 /* Sources */,
				5126820C28379BE3001869C9 /* Frameworks */,
				5126820D28379BE3001869C9 /* Resources */,
			);
			buildRules = (
			);
			dependencies = (
			);
			name = ClientSPM;
			packageProductDependencies = (
				7B8A9D3F2850BB0C003A93DC /* KarhooUISDK */,
				7B8A9D412850BB0C003A93DC /* KarhooUISDKAdyen */,
				7B8A9D432850BB0C003A93DC /* KarhooUISDKBraintree */,
			);
			productName = ClientSPM;
			productReference = 5126820F28379BE3001869C9 /* ClientSPM.app */;
			productType = "com.apple.product-type.application";
		};
		5126821E28379BE7001869C9 /* ClientSPMTests */ = {
			isa = PBXNativeTarget;
			buildConfigurationList = 5126823628379BE7001869C9 /* Build configuration list for PBXNativeTarget "ClientSPMTests" */;
			buildPhases = (
				5126821B28379BE7001869C9 /* Sources */,
				5126821C28379BE7001869C9 /* Frameworks */,
				5126821D28379BE7001869C9 /* Resources */,
			);
			buildRules = (
			);
			dependencies = (
				5126822128379BE7001869C9 /* PBXTargetDependency */,
			);
			name = ClientSPMTests;
			productName = ClientSPMTests;
			productReference = 5126821F28379BE7001869C9 /* ClientSPMTests.xctest */;
			productType = "com.apple.product-type.bundle.unit-test";
		};
/* End PBXNativeTarget section */

/* Begin PBXProject section */
		5126820728379BE3001869C9 /* Project object */ = {
			isa = PBXProject;
			attributes = {
				BuildIndependentTargetsInParallel = 1;
				LastSwiftUpdateCheck = 1330;
				LastUpgradeCheck = 1330;
				TargetAttributes = {
					5126820E28379BE3001869C9 = {
						CreatedOnToolsVersion = 13.3.1;
					};
					5126821E28379BE7001869C9 = {
						CreatedOnToolsVersion = 13.3.1;
						TestTargetID = 5126820E28379BE3001869C9;
					};
				};
			};
			buildConfigurationList = 5126820A28379BE3001869C9 /* Build configuration list for PBXProject "ClientSPM" */;
			compatibilityVersion = "Xcode 13.0";
			developmentRegion = en;
			hasScannedForEncodings = 0;
			knownRegions = (
				en,
				Base,
			);
			mainGroup = 5126820628379BE3001869C9;
			productRefGroup = 5126821028379BE3001869C9 /* Products */;
			projectDirPath = "";
			projectRoot = "";
			targets = (
				5126820E28379BE3001869C9 /* ClientSPM */,
				5126821E28379BE7001869C9 /* ClientSPMTests */,
			);
		};
/* End PBXProject section */

/* Begin PBXResourcesBuildPhase section */
		5126820D28379BE3001869C9 /* Resources */ = {
			isa = PBXResourcesBuildPhase;
			buildActionMask = 2147483647;
			files = (
				5126821A28379BE7001869C9 /* Preview Assets.xcassets in Resources */,
				5126821728379BE7001869C9 /* Assets.xcassets in Resources */,
			);
			runOnlyForDeploymentPostprocessing = 0;
		};
		5126821D28379BE7001869C9 /* Resources */ = {
			isa = PBXResourcesBuildPhase;
			buildActionMask = 2147483647;
			files = (
			);
			runOnlyForDeploymentPostprocessing = 0;
		};
/* End PBXResourcesBuildPhase section */

/* Begin PBXSourcesBuildPhase section */
		5126820B28379BE3001869C9 /* Sources */ = {
			isa = PBXSourcesBuildPhase;
			buildActionMask = 2147483647;
			files = (
				7B8A9D3C2850B711003A93DC /* MainViewController.swift in Sources */,
				5126821528379BE3001869C9 /* ContentView.swift in Sources */,
				7B8A9D3E2850B77E003A93DC /* ViewController.swift in Sources */,
				5126821328379BE3001869C9 /* ClientSPMApp.swift in Sources */,
				7B7446482850BC86004595E2 /* Keys.swift in Sources */,
			);
			runOnlyForDeploymentPostprocessing = 0;
		};
		5126821B28379BE7001869C9 /* Sources */ = {
			isa = PBXSourcesBuildPhase;
			buildActionMask = 2147483647;
			files = (
				5126822428379BE7001869C9 /* ClientSPMTests.swift in Sources */,
			);
			runOnlyForDeploymentPostprocessing = 0;
		};
/* End PBXSourcesBuildPhase section */

/* Begin PBXTargetDependency section */
		5126822128379BE7001869C9 /* PBXTargetDependency */ = {
			isa = PBXTargetDependency;
			target = 5126820E28379BE3001869C9 /* ClientSPM */;
			targetProxy = 5126822028379BE7001869C9 /* PBXContainerItemProxy */;
		};
/* End PBXTargetDependency section */

/* Begin XCBuildConfiguration section */
		5126823128379BE7001869C9 /* Debug */ = {
			isa = XCBuildConfiguration;
			buildSettings = {
				ALWAYS_SEARCH_USER_PATHS = NO;
				CLANG_ANALYZER_NONNULL = YES;
				CLANG_ANALYZER_NUMBER_OBJECT_CONVERSION = YES_AGGRESSIVE;
				CLANG_CXX_LANGUAGE_STANDARD = "gnu++17";
				CLANG_ENABLE_MODULES = YES;
				CLANG_ENABLE_OBJC_ARC = YES;
				CLANG_ENABLE_OBJC_WEAK = YES;
				CLANG_WARN_BLOCK_CAPTURE_AUTORELEASING = YES;
				CLANG_WARN_BOOL_CONVERSION = YES;
				CLANG_WARN_COMMA = YES;
				CLANG_WARN_CONSTANT_CONVERSION = YES;
				CLANG_WARN_DEPRECATED_OBJC_IMPLEMENTATIONS = YES;
				CLANG_WARN_DIRECT_OBJC_ISA_USAGE = YES_ERROR;
				CLANG_WARN_DOCUMENTATION_COMMENTS = YES;
				CLANG_WARN_EMPTY_BODY = YES;
				CLANG_WARN_ENUM_CONVERSION = YES;
				CLANG_WARN_INFINITE_RECURSION = YES;
				CLANG_WARN_INT_CONVERSION = YES;
				CLANG_WARN_NON_LITERAL_NULL_CONVERSION = YES;
				CLANG_WARN_OBJC_IMPLICIT_RETAIN_SELF = YES;
				CLANG_WARN_OBJC_LITERAL_CONVERSION = YES;
				CLANG_WARN_OBJC_ROOT_CLASS = YES_ERROR;
				CLANG_WARN_QUOTED_INCLUDE_IN_FRAMEWORK_HEADER = YES;
				CLANG_WARN_RANGE_LOOP_ANALYSIS = YES;
				CLANG_WARN_STRICT_PROTOTYPES = YES;
				CLANG_WARN_SUSPICIOUS_MOVE = YES;
				CLANG_WARN_UNGUARDED_AVAILABILITY = YES_AGGRESSIVE;
				CLANG_WARN_UNREACHABLE_CODE = YES;
				CLANG_WARN__DUPLICATE_METHOD_MATCH = YES;
				COPY_PHASE_STRIP = NO;
				DEBUG_INFORMATION_FORMAT = dwarf;
				ENABLE_STRICT_OBJC_MSGSEND = YES;
				ENABLE_TESTABILITY = YES;
				GCC_C_LANGUAGE_STANDARD = gnu11;
				GCC_DYNAMIC_NO_PIC = NO;
				GCC_NO_COMMON_BLOCKS = YES;
				GCC_OPTIMIZATION_LEVEL = 0;
				GCC_PREPROCESSOR_DEFINITIONS = (
					"DEBUG=1",
					"$(inherited)",
				);
				GCC_WARN_64_TO_32_BIT_CONVERSION = YES;
				GCC_WARN_ABOUT_RETURN_TYPE = YES_ERROR;
				GCC_WARN_UNDECLARED_SELECTOR = YES;
				GCC_WARN_UNINITIALIZED_AUTOS = YES_AGGRESSIVE;
				GCC_WARN_UNUSED_FUNCTION = YES;
				GCC_WARN_UNUSED_VARIABLE = YES;
				IPHONEOS_DEPLOYMENT_TARGET = 14.0;
				MTL_ENABLE_DEBUG_INFO = INCLUDE_SOURCE;
				MTL_FAST_MATH = YES;
				ONLY_ACTIVE_ARCH = YES;
				SDKROOT = iphoneos;
				SWIFT_ACTIVE_COMPILATION_CONDITIONS = DEBUG;
				SWIFT_OPTIMIZATION_LEVEL = "-Onone";
			};
			name = Debug;
		};
		5126823228379BE7001869C9 /* Release */ = {
			isa = XCBuildConfiguration;
			buildSettings = {
				ALWAYS_SEARCH_USER_PATHS = NO;
				CLANG_ANALYZER_NONNULL = YES;
				CLANG_ANALYZER_NUMBER_OBJECT_CONVERSION = YES_AGGRESSIVE;
				CLANG_CXX_LANGUAGE_STANDARD = "gnu++17";
				CLANG_ENABLE_MODULES = YES;
				CLANG_ENABLE_OBJC_ARC = YES;
				CLANG_ENABLE_OBJC_WEAK = YES;
				CLANG_WARN_BLOCK_CAPTURE_AUTORELEASING = YES;
				CLANG_WARN_BOOL_CONVERSION = YES;
				CLANG_WARN_COMMA = YES;
				CLANG_WARN_CONSTANT_CONVERSION = YES;
				CLANG_WARN_DEPRECATED_OBJC_IMPLEMENTATIONS = YES;
				CLANG_WARN_DIRECT_OBJC_ISA_USAGE = YES_ERROR;
				CLANG_WARN_DOCUMENTATION_COMMENTS = YES;
				CLANG_WARN_EMPTY_BODY = YES;
				CLANG_WARN_ENUM_CONVERSION = YES;
				CLANG_WARN_INFINITE_RECURSION = YES;
				CLANG_WARN_INT_CONVERSION = YES;
				CLANG_WARN_NON_LITERAL_NULL_CONVERSION = YES;
				CLANG_WARN_OBJC_IMPLICIT_RETAIN_SELF = YES;
				CLANG_WARN_OBJC_LITERAL_CONVERSION = YES;
				CLANG_WARN_OBJC_ROOT_CLASS = YES_ERROR;
				CLANG_WARN_QUOTED_INCLUDE_IN_FRAMEWORK_HEADER = YES;
				CLANG_WARN_RANGE_LOOP_ANALYSIS = YES;
				CLANG_WARN_STRICT_PROTOTYPES = YES;
				CLANG_WARN_SUSPICIOUS_MOVE = YES;
				CLANG_WARN_UNGUARDED_AVAILABILITY = YES_AGGRESSIVE;
				CLANG_WARN_UNREACHABLE_CODE = YES;
				CLANG_WARN__DUPLICATE_METHOD_MATCH = YES;
				COPY_PHASE_STRIP = NO;
				DEBUG_INFORMATION_FORMAT = "dwarf-with-dsym";
				ENABLE_NS_ASSERTIONS = NO;
				ENABLE_STRICT_OBJC_MSGSEND = YES;
				GCC_C_LANGUAGE_STANDARD = gnu11;
				GCC_NO_COMMON_BLOCKS = YES;
				GCC_WARN_64_TO_32_BIT_CONVERSION = YES;
				GCC_WARN_ABOUT_RETURN_TYPE = YES_ERROR;
				GCC_WARN_UNDECLARED_SELECTOR = YES;
				GCC_WARN_UNINITIALIZED_AUTOS = YES_AGGRESSIVE;
				GCC_WARN_UNUSED_FUNCTION = YES;
				GCC_WARN_UNUSED_VARIABLE = YES;
				IPHONEOS_DEPLOYMENT_TARGET = 14.0;
				MTL_ENABLE_DEBUG_INFO = NO;
				MTL_FAST_MATH = YES;
				SDKROOT = iphoneos;
				SWIFT_COMPILATION_MODE = wholemodule;
				SWIFT_OPTIMIZATION_LEVEL = "-O";
				VALIDATE_PRODUCT = YES;
			};
			name = Release;
		};
		5126823428379BE7001869C9 /* Debug */ = {
			isa = XCBuildConfiguration;
			buildSettings = {
				ASSETCATALOG_COMPILER_APPICON_NAME = AppIcon;
				ASSETCATALOG_COMPILER_GLOBAL_ACCENT_COLOR_NAME = AccentColor;
				CODE_SIGN_STYLE = Automatic;
				CURRENT_PROJECT_VERSION = 1;
				DEVELOPMENT_ASSET_PATHS = "\"ClientSPM/Preview Content\"";
				DEVELOPMENT_TEAM = U7U4Q7YGDH;
				ENABLE_PREVIEWS = YES;
				GENERATE_INFOPLIST_FILE = YES;
				INFOPLIST_KEY_UIApplicationSceneManifest_Generation = YES;
				INFOPLIST_KEY_UIApplicationSupportsIndirectInputEvents = YES;
				INFOPLIST_KEY_UILaunchScreen_Generation = YES;
				INFOPLIST_KEY_UISupportedInterfaceOrientations_iPad = "UIInterfaceOrientationPortrait UIInterfaceOrientationPortraitUpsideDown UIInterfaceOrientationLandscapeLeft UIInterfaceOrientationLandscapeRight";
				INFOPLIST_KEY_UISupportedInterfaceOrientations_iPhone = "UIInterfaceOrientationPortrait UIInterfaceOrientationLandscapeLeft UIInterfaceOrientationLandscapeRight";
				LD_RUNPATH_SEARCH_PATHS = (
					"$(inherited)",
					"@executable_path/Frameworks",
				);
				MARKETING_VERSION = 1.0;
				PRODUCT_BUNDLE_IDENTIFIER = "uk.karhoo.karhooui-client-spm.ClientSPM";
				PRODUCT_NAME = "$(TARGET_NAME)";
				SWIFT_EMIT_LOC_STRINGS = YES;
				SWIFT_VERSION = 5.0;
				TARGETED_DEVICE_FAMILY = "1,2";
			};
			name = Debug;
		};
		5126823528379BE7001869C9 /* Release */ = {
			isa = XCBuildConfiguration;
			buildSettings = {
				ASSETCATALOG_COMPILER_APPICON_NAME = AppIcon;
				ASSETCATALOG_COMPILER_GLOBAL_ACCENT_COLOR_NAME = AccentColor;
				CODE_SIGN_STYLE = Automatic;
				CURRENT_PROJECT_VERSION = 1;
				DEVELOPMENT_ASSET_PATHS = "\"ClientSPM/Preview Content\"";
				DEVELOPMENT_TEAM = U7U4Q7YGDH;
				ENABLE_PREVIEWS = YES;
				GENERATE_INFOPLIST_FILE = YES;
				INFOPLIST_KEY_UIApplicationSceneManifest_Generation = YES;
				INFOPLIST_KEY_UIApplicationSupportsIndirectInputEvents = YES;
				INFOPLIST_KEY_UILaunchScreen_Generation = YES;
				INFOPLIST_KEY_UISupportedInterfaceOrientations_iPad = "UIInterfaceOrientationPortrait UIInterfaceOrientationPortraitUpsideDown UIInterfaceOrientationLandscapeLeft UIInterfaceOrientationLandscapeRight";
				INFOPLIST_KEY_UISupportedInterfaceOrientations_iPhone = "UIInterfaceOrientationPortrait UIInterfaceOrientationLandscapeLeft UIInterfaceOrientationLandscapeRight";
				LD_RUNPATH_SEARCH_PATHS = (
					"$(inherited)",
					"@executable_path/Frameworks",
				);
				MARKETING_VERSION = 1.0;
				PRODUCT_BUNDLE_IDENTIFIER = "uk.karhoo.karhooui-client-spm.ClientSPM";
				PRODUCT_NAME = "$(TARGET_NAME)";
				SWIFT_EMIT_LOC_STRINGS = YES;
				SWIFT_VERSION = 5.0;
				TARGETED_DEVICE_FAMILY = "1,2";
			};
			name = Release;
		};
		5126823728379BE7001869C9 /* Debug */ = {
			isa = XCBuildConfiguration;
			buildSettings = {
				ALWAYS_EMBED_SWIFT_STANDARD_LIBRARIES = YES;
				CODE_SIGN_STYLE = Automatic;
				CURRENT_PROJECT_VERSION = 1;
				DEVELOPMENT_TEAM = U7U4Q7YGDH;
				GENERATE_INFOPLIST_FILE = YES;
				IPHONEOS_DEPLOYMENT_TARGET = 15.4;
				MARKETING_VERSION = 1.0;
				PRODUCT_BUNDLE_IDENTIFIER = "uk.karhoo.karhooui-client-spm.ClientSPMTests";
				PRODUCT_NAME = "$(TARGET_NAME)";
				SWIFT_EMIT_LOC_STRINGS = NO;
				SWIFT_VERSION = 5.0;
				TARGETED_DEVICE_FAMILY = "1,2";
				TEST_HOST = "$(BUILT_PRODUCTS_DIR)/ClientSPM.app/ClientSPM";
			};
			name = Debug;
		};
		5126823828379BE7001869C9 /* Release */ = {
			isa = XCBuildConfiguration;
			buildSettings = {
				ALWAYS_EMBED_SWIFT_STANDARD_LIBRARIES = YES;
				CODE_SIGN_STYLE = Automatic;
				CURRENT_PROJECT_VERSION = 1;
				DEVELOPMENT_TEAM = U7U4Q7YGDH;
				GENERATE_INFOPLIST_FILE = YES;
				IPHONEOS_DEPLOYMENT_TARGET = 15.4;
				MARKETING_VERSION = 1.0;
				PRODUCT_BUNDLE_IDENTIFIER = "uk.karhoo.karhooui-client-spm.ClientSPMTests";
				PRODUCT_NAME = "$(TARGET_NAME)";
				SWIFT_EMIT_LOC_STRINGS = NO;
				SWIFT_VERSION = 5.0;
				TARGETED_DEVICE_FAMILY = "1,2";
				TEST_HOST = "$(BUILT_PRODUCTS_DIR)/ClientSPM.app/ClientSPM";
			};
			name = Release;
		};
/* End XCBuildConfiguration section */

/* Begin XCConfigurationList section */
		5126820A28379BE3001869C9 /* Build configuration list for PBXProject "ClientSPM" */ = {
			isa = XCConfigurationList;
			buildConfigurations = (
				5126823128379BE7001869C9 /* Debug */,
				5126823228379BE7001869C9 /* Release */,
			);
			defaultConfigurationIsVisible = 0;
			defaultConfigurationName = Release;
		};
		5126823328379BE7001869C9 /* Build configuration list for PBXNativeTarget "ClientSPM" */ = {
			isa = XCConfigurationList;
			buildConfigurations = (
				5126823428379BE7001869C9 /* Debug */,
				5126823528379BE7001869C9 /* Release */,
			);
			defaultConfigurationIsVisible = 0;
			defaultConfigurationName = Release;
		};
		5126823628379BE7001869C9 /* Build configuration list for PBXNativeTarget "ClientSPMTests" */ = {
			isa = XCConfigurationList;
			buildConfigurations = (
				5126823728379BE7001869C9 /* Debug */,
				5126823828379BE7001869C9 /* Release */,
			);
			defaultConfigurationIsVisible = 0;
			defaultConfigurationName = Release;
		};
/* End XCConfigurationList section */

/* Begin XCSwiftPackageProductDependency section */
		7B8A9D3F2850BB0C003A93DC /* KarhooUISDK */ = {
			isa = XCSwiftPackageProductDependency;
			productName = KarhooUISDK;
		};
		7B8A9D412850BB0C003A93DC /* KarhooUISDKAdyen */ = {
			isa = XCSwiftPackageProductDependency;
			productName = KarhooUISDKAdyen;
		};
		7B8A9D432850BB0C003A93DC /* KarhooUISDKBraintree */ = {
			isa = XCSwiftPackageProductDependency;
			productName = KarhooUISDKBraintree;
		};
/* End XCSwiftPackageProductDependency section */
	};
	rootObject = 5126820728379BE3001869C9 /* Project object */;
}
